
Microsoft Visual Studio Solution File, Format Version 12.00
# Visual Studio Version 17
VisualStudioVersion = 17.2.32630.192
MinimumVisualStudioVersion = 10.0.40219.1
Project("{9A19103F-16F7-4668-BE54-9A1E7A4F7556}") = "WebAppCore", "WebAppCore\WebAppCore.csproj", "{EE629748-EE27-4820-945D-36228D8EEB94}"
EndProject
Project("{151D2E53-A2C4-4D7D-83FE-D05416EBD58E}") = "AzureResourceARMWebCore", "AzureResourceARMWebCore\AzureResourceARMWebCore.deployproj", "{D566FD90-DF95-444D-A90C-3EF29FF44E31}"
EndProject
Global
	GlobalSection(SolutionConfigurationPlatforms) = preSolution
		Debug|Any CPU = Debug|Any CPU
		Release|Any CPU = Release|Any CPU
	EndGlobalSection
	GlobalSection(ProjectConfigurationPlatforms) = postSolution
		{EE629748-EE27-4820-945D-36228D8EEB94}.Debug|Any CPU.ActiveCfg = Debug|Any CPU
		{EE629748-EE27-4820-945D-36228D8EEB94}.Debug|Any CPU.Build.0 = Debug|Any CPU
		{EE629748-EE27-4820-945D-36228D8EEB94}.Release|Any CPU.ActiveCfg = Release|Any CPU
		{EE629748-EE27-4820-945D-36228D8EEB94}.Release|Any CPU.Build.0 = Release|Any CPU
		{D566FD90-DF95-444D-A90C-3EF29FF44E31}.Debug|Any CPU.ActiveCfg = Debug|Any CPU
		{D566FD90-DF95-444D-A90C-3EF29FF44E31}.Debug|Any CPU.Build.0 = Debug|Any CPU
		{D566FD90-DF95-444D-A90C-3EF29FF44E31}.Release|Any CPU.ActiveCfg = Release|Any CPU
		{D566FD90-DF95-444D-A90C-3EF29FF44E31}.Release|Any CPU.Build.0 = Release|Any CPU
	EndGlobalSection
	GlobalSection(SolutionProperties) = preSolution
		HideSolutionNode = FALSE
	EndGlobalSection
	GlobalSection(ExtensibilityGlobals) = postSolution
		SolutionGuid = {FFC83227-A090-44EF-90B1-FC8A2200D6E5}
	EndGlobalSection
EndGlobal
